
Microsoft Visual Studio Solution File, Format Version 12.00
# Visual Studio Version 17
VisualStudioVersion = 17.1.32414.318
MinimumVisualStudioVersion = 10.0.40219.1
Project("{8BC9CEB8-8B4A-11D0-8D11-00A0C91BC942}") = "random_dll_injector", "random_dll_injector\random_dll_injector.vcxproj", "{C97485B3-7B9B-42BF-B854-E748C41D6597}"
EndProject
Global
	GlobalSection(SolutionConfigurationPlatforms) = preSolution
		Debug|x64 = Debug|x64
		Debug|x86 = Debug|x86
		Release|x64 = Release|x64
		Release|x86 = Release|x86
	EndGlobalSection
	GlobalSection(ProjectConfigurationPlatforms) = postSolution
		{C97485B3-7B9B-42BF-B854-E748C41D6597}.Debug|x64.ActiveCfg = Debug|x64
		{C97485B3-7B9B-42BF-B854-E748C41D6597}.Debug|x64.Build.0 = Debug|x64
		{C97485B3-7B9B-42BF-B854-E748C41D6597}.Debug|x86.ActiveCfg = Debug|Win32
		{C97485B3-7B9B-42BF-B854-E748C41D6597}.Debug|x86.Build.0 = Debug|Win32
		{C97485B3-7B9B-42BF-B854-E748C41D6597}.Release|x64.ActiveCfg = Release|x64
		{C97485B3-7B9B-42BF-B854-E748C41D6597}.Release|x64.Build.0 = Release|x64
		{C97485B3-7B9B-42BF-B854-E748C41D6597}.Release|x86.ActiveCfg = Release|Win32
		{C97485B3-7B9B-42BF-B854-E748C41D6597}.Release|x86.Build.0 = Release|Win32
	EndGlobalSection
	GlobalSection(SolutionProperties) = preSolution
		HideSolutionNode = FALSE
	EndGlobalSection
	GlobalSection(ExtensibilityGlobals) = postSolution
		SolutionGuid = {56E956EC-CDED-46B4-B73E-D793466BC5CF}
	EndGlobalSection
EndGlobal
